
Microsoft Visual Studio Solution File, Format Version 12.00
# Visual Studio Version 16
VisualStudioVersion = 16.0.30907.101
MinimumVisualStudioVersion = 10.0.40219.1
Project("{FAE04EC0-301F-11D3-BF4B-00C04F79EFBC}") = "YTA", "YTA\YTA.csproj", "{3F998A8A-788C-4A8B-9B55-3AE295F5589F}"
EndProject
Global
	GlobalSection(SolutionConfigurationPlatforms) = preSolution
		Debug|Any CPU = Debug|Any CPU
		Release|Any CPU = Release|Any CPU
	EndGlobalSection
	GlobalSection(ProjectConfigurationPlatforms) = postSolution
		{3F998A8A-788C-4A8B-9B55-3AE295F5589F}.Debug|Any CPU.ActiveCfg = Debug|Any CPU
		{3F998A8A-788C-4A8B-9B55-3AE295F5589F}.Debug|Any CPU.Build.0 = Debug|Any CPU
		{3F998A8A-788C-4A8B-9B55-3AE295F5589F}.Release|Any CPU.ActiveCfg = Release|Any CPU
		{3F998A8A-788C-4A8B-9B55-3AE295F5589F}.Release|Any CPU.Build.0 = Release|Any CPU
	EndGlobalSection
	GlobalSection(SolutionProperties) = preSolution
		HideSolutionNode = FALSE
	EndGlobalSection
	GlobalSection(ExtensibilityGlobals) = postSolution
		SolutionGuid = {676F6006-06ED-4CCB-A6E4-B4DFC012425C}
	EndGlobalSection
EndGlobal
